
Microsoft Visual Studio Solution File, Format Version 11.00
# Visual Studio 2010
Project("{FAE04EC0-301F-11D3-BF4B-00C04F79EFBC}") = "HRSystem", "HRSystem\HRSystem.csproj", "{19E93687-0813-4952-83B6-10B2FEBF897A}"
EndProject
Project("{2150E333-8FDC-42A3-9474-1A3956D46DE8}") = "Solution Items", "Solution Items", "{F1773F40-F9EF-4E56-8019-8BB81829B0D3}"
	ProjectSection(SolutionItems) = preProject
		HRSystem.vsmdi = HRSystem.vsmdi
		Local.testsettings = Local.testsettings
		TraceAndTestImpact.testsettings = TraceAndTestImpact.testsettings
	EndProjectSection
EndProject
Project("{2150E333-8FDC-42A3-9474-1A3956D46DE8}") = "NewFolder1", "NewFolder1", "{851AE911-56C6-40C6-9F4B-BA37D06F6A02}"
EndProject
Project("{FAE04EC0-301F-11D3-BF4B-00C04F79EFBC}") = "TestHRSystem", "TestHRSystem\TestHRSystem.csproj", "{14DFBECB-C6A2-4885-80CD-DBF738044C51}"
EndProject
Global
	GlobalSection(TestCaseManagementSettings) = postSolution
		CategoryFile = HRSystem.vsmdi
	EndGlobalSection
	GlobalSection(SolutionConfigurationPlatforms) = preSolution
		Debug|Any CPU = Debug|Any CPU
		Debug|Mixed Platforms = Debug|Mixed Platforms
		Debug|x86 = Debug|x86
		Release|Any CPU = Release|Any CPU
		Release|Mixed Platforms = Release|Mixed Platforms
		Release|x86 = Release|x86
	EndGlobalSection
	GlobalSection(ProjectConfigurationPlatforms) = postSolution
		{19E93687-0813-4952-83B6-10B2FEBF897A}.Debug|Any CPU.ActiveCfg = Debug|x86
		{19E93687-0813-4952-83B6-10B2FEBF897A}.Debug|Mixed Platforms.ActiveCfg = Debug|x86
		{19E93687-0813-4952-83B6-10B2FEBF897A}.Debug|Mixed Platforms.Build.0 = Debug|x86
		{19E93687-0813-4952-83B6-10B2FEBF897A}.Debug|x86.ActiveCfg = Debug|x86
		{19E93687-0813-4952-83B6-10B2FEBF897A}.Debug|x86.Build.0 = Debug|x86
		{19E93687-0813-4952-83B6-10B2FEBF897A}.Release|Any CPU.ActiveCfg = Release|x86
		{19E93687-0813-4952-83B6-10B2FEBF897A}.Release|Mixed Platforms.ActiveCfg = Release|x86
		{19E93687-0813-4952-83B6-10B2FEBF897A}.Release|Mixed Platforms.Build.0 = Release|x86
		{19E93687-0813-4952-83B6-10B2FEBF897A}.Release|x86.ActiveCfg = Release|x86
		{19E93687-0813-4952-83B6-10B2FEBF897A}.Release|x86.Build.0 = Release|x86
		{14DFBECB-C6A2-4885-80CD-DBF738044C51}.Debug|Any CPU.ActiveCfg = Debug|Any CPU
		{14DFBECB-C6A2-4885-80CD-DBF738044C51}.Debug|Any CPU.Build.0 = Debug|Any CPU
		{14DFBECB-C6A2-4885-80CD-DBF738044C51}.Debug|Mixed Platforms.ActiveCfg = Debug|Any CPU
		{14DFBECB-C6A2-4885-80CD-DBF738044C51}.Debug|Mixed Platforms.Build.0 = Debug|Any CPU
		{14DFBECB-C6A2-4885-80CD-DBF738044C51}.Debug|x86.ActiveCfg = Debug|Any CPU
		{14DFBECB-C6A2-4885-80CD-DBF738044C51}.Release|Any CPU.ActiveCfg = Release|Any CPU
		{14DFBECB-C6A2-4885-80CD-DBF738044C51}.Release|Any CPU.Build.0 = Release|Any CPU
		{14DFBECB-C6A2-4885-80CD-DBF738044C51}.Release|Mixed Platforms.ActiveCfg = Release|Any CPU
		{14DFBECB-C6A2-4885-80CD-DBF738044C51}.Release|Mixed Platforms.Build.0 = Release|Any CPU
		{14DFBECB-C6A2-4885-80CD-DBF738044C51}.Release|x86.ActiveCfg = Release|Any CPU
	EndGlobalSection
	GlobalSection(SolutionProperties) = preSolution
		HideSolutionNode = FALSE
	EndGlobalSection
EndGlobal
